// !$*UTF8*$!
{
	archiveVersion = 1;
	classes = {
	};
	objectVersion = 50;
	objects = {

/* Begin PBXBuildFile section */
		B0436CCD2628F24300001C1F /* main.swift in Sources */ = {isa = PBXBuildFile; fileRef = B0436CCC2628F24300001C1F /* main.swift */; };
		B0436CD52628F2A900001C1F /* NetworkDelayTime.swift in Sources */ = {isa = PBXBuildFile; fileRef = B0436CD42628F2A900001C1F /* NetworkDelayTime.swift */; };
		B0436CD8262902D800001C1F /* Queue.swift in Sources */ = {isa = PBXBuildFile; fileRef = B0436CD7262902D800001C1F /* Queue.swift */; };
		B0436CDE262957B900001C1F /* CheapestFlight.swift in Sources */ = {isa = PBXBuildFile; fileRef = B0436CDD262957B900001C1F /* CheapestFlight.swift */; };
		B0436CE2262A4C0100001C1F /* FindCity.swift in Sources */ = {isa = PBXBuildFile; fileRef = B0436CE1262A4C0100001C1F /* FindCity.swift */; };
/* End PBXBuildFile section */

/* Begin PBXCopyFilesBuildPhase section */
		B0436CC72628F24300001C1F /* CopyFiles */ = {
			isa = PBXCopyFilesBuildPhase;
			buildActionMask = 2147483647;
			dstPath = /usr/share/man/man1/;
			dstSubfolderSpec = 0;
			files = (
			);
			runOnlyForDeploymentPostprocessing = 1;
		};
/* End PBXCopyFilesBuildPhase section */

/* Begin PBXFileReference section */
		B0436CC92628F24300001C1F /* ShortestPath */ = {isa = PBXFileReference; explicitFileType = "compiled.mach-o.executable"; includeInIndex = 0; path = ShortestPath; sourceTree = BUILT_PRODUCTS_DIR; };
		B0436CCC2628F24300001C1F /* main.swift */ = {isa = PBXFileReference; lastKnownFileType = sourcecode.swift; path = main.swift; sourceTree = "<group>"; };
		B0436CD42628F2A900001C1F /* NetworkDelayTime.swift */ = {isa = PBXFileReference; lastKnownFileType = sourcecode.swift; path = NetworkDelayTime.swift; sourceTree = "<group>"; };
		B0436CD7262902D800001C1F /* Queue.swift */ = {isa = PBXFileReference; lastKnownFileType = sourcecode.swift; path = Queue.swift; sourceTree = "<group>"; };
		B0436CDD262957B900001C1F /* CheapestFlight.swift */ = {isa = PBXFileReference; fileEncoding = 4; lastKnownFileType = sourcecode.swift; path = CheapestFlight.swift; sourceTree = "<group>"; };
		B0436CE1262A4C0100001C1F /* FindCity.swift */ = {isa = PBXFileReference; lastKnownFileType = sourcecode.swift; path = FindCity.swift; sourceTree = "<group>"; };
/* End PBXFileReference section */

/* Begin PBXFrameworksBuildPhase section */
		B0436CC62628F24300001C1F /* Frameworks */ = {
			isa = PBXFrameworksBuildPhase;
			buildActionMask = 2147483647;
			files = (
			);
			runOnlyForDeploymentPostprocessing = 0;
		};
/* End PBXFrameworksBuildPhase section */

/* Begin PBXGroup section */
		B0436CC02628F24300001C1F = {
			isa = PBXGroup;
			children = (
				B0436CCB2628F24300001C1F /* ShortestPath */,
				B0436CCA2628F24300001C1F /* Products */,
			);
			sourceTree = "<group>";
		};
		B0436CCA2628F24300001C1F /* Products */ = {
			isa = PBXGroup;
			children = (
				B0436CC92628F24300001C1F /* ShortestPath */,
			);
			name = Products;
			sourceTree = "<group>";
		};
		B0436CCB2628F24300001C1F /* ShortestPath */ = {
			isa = PBXGroup;
			children = (
				B0436CCC2628F24300001C1F /* main.swift */,
				B0436CD42628F2A900001C1F /* NetworkDelayTime.swift */,
				B0436CDD262957B900001C1F /* CheapestFlight.swift */,
				B0436CE1262A4C0100001C1F /* FindCity.swift */,
				B0436CD7262902D800001C1F /* Queue.swift */,
			);
			path = ShortestPath;
			sourceTree = "<group>";
		};
/* End PBXGroup section */

/* Begin PBXNativeTarget section */
		B0436CC82628F24300001C1F /* ShortestPath */ = {
			isa = PBXNativeTarget;
			buildConfigurationList = B0436CD02628F24300001C1F /* Build configuration list for PBXNativeTarget "ShortestPath" */;
			buildPhases = (
				B0436CC52628F24300001C1F /* Sources */,
				B0436CC62628F24300001C1F /* Frameworks */,
				B0436CC72628F24300001C1F /* CopyFiles */,
			);
			buildRules = (
			);
			dependencies = (
			);
			name = ShortestPath;
			productName = ShortestPath;
			productReference = B0436CC92628F24300001C1F /* ShortestPath */;
			productType = "com.apple.product-type.tool";
		};
/* End PBXNativeTarget section */

/* Begin PBXProject section */
		B0436CC12628F24300001C1F /* Project object */ = {
			isa = PBXProject;
			attributes = {
				LastSwiftUpdateCheck = 1240;
				LastUpgradeCheck = 1240;
				TargetAttributes = {
					B0436CC82628F24300001C1F = {
						CreatedOnToolsVersion = 12.4;
					};
				};
			};
			buildConfigurationList = B0436CC42628F24300001C1F /* Build configuration list for PBXProject "ShortestPath" */;
			compatibilityVersion = "Xcode 9.3";
			developmentRegion = en;
			hasScannedForEncodings = 0;
			knownRegions = (
				en,
				Base,
			);
			mainGroup = B0436CC02628F24300001C1F;
			productRefGroup = B0436CCA2628F24300001C1F /* Products */;
			projectDirPath = "";
			projectRoot = "";
			targets = (
				B0436CC82628F24300001C1F /* ShortestPath */,
			);
		};
/* End PBXProject section */

/* Begin PBXSourcesBuildPhase section */
		B0436CC52628F24300001C1F /* Sources */ = {
			isa = PBXSourcesBuildPhase;
			buildActionMask = 2147483647;
			files = (
				B0436CCD2628F24300001C1F /* main.swift in Sources */,
				B0436CD8262902D800001C1F /* Queue.swift in Sources */,
				B0436CE2262A4C0100001C1F /* FindCity.swift in Sources */,
				B0436CDE262957B900001C1F /* CheapestFlight.swift in Sources */,
				B0436CD52628F2A900001C1F /* NetworkDelayTime.swift in Sources */,
			);
			runOnlyForDeploymentPostprocessing = 0;
		};
/* End PBXSourcesBuildPhase section */

/* Begin XCBuildConfiguration section */
		B0436CCE2628F24300001C1F /* Debug */ = {
			isa = XCBuildConfiguration;
			buildSettings = {
				ALWAYS_SEARCH_USER_PATHS = NO;
				CLANG_ANALYZER_NONNULL = YES;
				CLANG_ANALYZER_NUMBER_OBJECT_CONVERSION = YES_AGGRESSIVE;
				CLANG_CXX_LANGUAGE_STANDARD = "gnu++14";
				CLANG_CXX_LIBRARY = "libc++";
				CLANG_ENABLE_MODULES = YES;
				CLANG_ENABLE_OBJC_ARC = YES;
				CLANG_ENABLE_OBJC_WEAK = YES;
				CLANG_WARN_BLOCK_CAPTURE_AUTORELEASING = YES;
				CLANG_WARN_BOOL_CONVERSION = YES;
				CLANG_WARN_COMMA = YES;
				CLANG_WARN_CONSTANT_CONVERSION = YES;
				CLANG_WARN_DEPRECATED_OBJC_IMPLEMENTATIONS = YES;
				CLANG_WARN_DIRECT_OBJC_ISA_USAGE = YES_ERROR;
				CLANG_WARN_DOCUMENTATION_COMMENTS = YES;
				CLANG_WARN_EMPTY_BODY = YES;
				CLANG_WARN_ENUM_CONVERSION = YES;
				CLANG_WARN_INFINITE_RECURSION = YES;
				CLANG_WARN_INT_CONVERSION = YES;
				CLANG_WARN_NON_LITERAL_NULL_CONVERSION = YES;
				CLANG_WARN_OBJC_IMPLICIT_RETAIN_SELF = YES;
				CLANG_WARN_OBJC_LITERAL_CONVERSION = YES;
				CLANG_WARN_OBJC_ROOT_CLASS = YES_ERROR;
				CLANG_WARN_QUOTED_INCLUDE_IN_FRAMEWORK_HEADER = YES;
				CLANG_WARN_RANGE_LOOP_ANALYSIS = YES;
				CLANG_WARN_STRICT_PROTOTYPES = YES;
				CLANG_WARN_SUSPICIOUS_MOVE = YES;
				CLANG_WARN_UNGUARDED_AVAILABILITY = YES_AGGRESSIVE;
				CLANG_WARN_UNREACHABLE_CODE = YES;
				CLANG_WARN__DUPLICATE_METHOD_MATCH = YES;
				COPY_PHASE_STRIP = NO;
				DEBUG_INFORMATION_FORMAT = dwarf;
				ENABLE_STRICT_OBJC_MSGSEND = YES;
				ENABLE_TESTABILITY = YES;
				GCC_C_LANGUAGE_STANDARD = gnu11;
				GCC_DYNAMIC_NO_PIC = NO;
				GCC_NO_COMMON_BLOCKS = YES;
				GCC_OPTIMIZATION_LEVEL = 0;
				GCC_PREPROCESSOR_DEFINITIONS = (
					"DEBUG=1",
					"$(inherited)",
				);
				GCC_WARN_64_TO_32_BIT_CONVERSION = YES;
				GCC_WARN_ABOUT_RETURN_TYPE = YES_ERROR;
				GCC_WARN_UNDECLARED_SELECTOR = YES;
				GCC_WARN_UNINITIALIZED_AUTOS = YES_AGGRESSIVE;
				GCC_WARN_UNUSED_FUNCTION = YES;
				GCC_WARN_UNUSED_VARIABLE = YES;
				MACOSX_DEPLOYMENT_TARGET = 10.15;
				MTL_ENABLE_DEBUG_INFO = INCLUDE_SOURCE;
				MTL_FAST_MATH = YES;
				ONLY_ACTIVE_ARCH = YES;
				SDKROOT = macosx;
				SWIFT_ACTIVE_COMPILATION_CONDITIONS = DEBUG;
				SWIFT_OPTIMIZATION_LEVEL = "-Onone";
			};
			name = Debug;
		};
		B0436CCF2628F24300001C1F /* Release */ = {
			isa = XCBuildConfiguration;
			buildSettings = {
				ALWAYS_SEARCH_USER_PATHS = NO;
				CLANG_ANALYZER_NONNULL = YES;
				CLANG_ANALYZER_NUMBER_OBJECT_CONVERSION = YES_AGGRESSIVE;
				CLANG_CXX_LANGUAGE_STANDARD = "gnu++14";
				CLANG_CXX_LIBRARY = "libc++";
				CLANG_ENABLE_MODULES = YES;
				CLANG_ENABLE_OBJC_ARC = YES;
				CLANG_ENABLE_OBJC_WEAK = YES;
				CLANG_WARN_BLOCK_CAPTURE_AUTORELEASING = YES;
				CLANG_WARN_BOOL_CONVERSION = YES;
				CLANG_WARN_COMMA = YES;
				CLANG_WARN_CONSTANT_CONVERSION = YES;
				CLANG_WARN_DEPRECATED_OBJC_IMPLEMENTATIONS = YES;
				CLANG_WARN_DIRECT_OBJC_ISA_USAGE = YES_ERROR;
				CLANG_WARN_DOCUMENTATION_COMMENTS = YES;
				CLANG_WARN_EMPTY_BODY = YES;
				CLANG_WARN_ENUM_CONVERSION = YES;
				CLANG_WARN_INFINITE_RECURSION = YES;
				CLANG_WARN_INT_CONVERSION = YES;
				CLANG_WARN_NON_LITERAL_NULL_CONVERSION = YES;
				CLANG_WARN_OBJC_IMPLICIT_RETAIN_SELF = YES;
				CLANG_WARN_OBJC_LITERAL_CONVERSION = YES;
				CLANG_WARN_OBJC_ROOT_CLASS = YES_ERROR;
				CLANG_WARN_QUOTED_INCLUDE_IN_FRAMEWORK_HEADER = YES;
				CLANG_WARN_RANGE_LOOP_ANALYSIS = YES;
				CLANG_WARN_STRICT_PROTOTYPES = YES;
				CLANG_WARN_SUSPICIOUS_MOVE = YES;
				CLANG_WARN_UNGUARDED_AVAILABILITY = YES_AGGRESSIVE;
				CLANG_WARN_UNREACHABLE_CODE = YES;
				CLANG_WARN__DUPLICATE_METHOD_MATCH = YES;
				COPY_PHASE_STRIP = NO;
				DEBUG_INFORMATION_FORMAT = "dwarf-with-dsym";
				ENABLE_NS_ASSERTIONS = NO;
				ENABLE_STRICT_OBJC_MSGSEND = YES;
				GCC_C_LANGUAGE_STANDARD = gnu11;
				GCC_NO_COMMON_BLOCKS = YES;
				GCC_WARN_64_TO_32_BIT_CONVERSION = YES;
				GCC_WARN_ABOUT_RETURN_TYPE = YES_ERROR;
				GCC_WARN_UNDECLARED_SELECTOR = YES;
				GCC_WARN_UNINITIALIZED_AUTOS = YES_AGGRESSIVE;
				GCC_WARN_UNUSED_FUNCTION = YES;
				GCC_WARN_UNUSED_VARIABLE = YES;
				MACOSX_DEPLOYMENT_TARGET = 10.15;
				MTL_ENABLE_DEBUG_INFO = NO;
				MTL_FAST_MATH = YES;
				SDKROOT = macosx;
				SWIFT_COMPILATION_MODE = wholemodule;
				SWIFT_OPTIMIZATION_LEVEL = "-O";
			};
			name = Release;
		};
		B0436CD12628F24300001C1F /* Debug */ = {
			isa = XCBuildConfiguration;
			buildSettings = {
				CODE_SIGN_STYLE = Automatic;
				DEVELOPMENT_TEAM = MG9YMW6U69;
				ENABLE_HARDENED_RUNTIME = YES;
				PRODUCT_NAME = "$(TARGET_NAME)";
				SWIFT_VERSION = 5.0;
			};
			name = Debug;
		};
		B0436CD22628F24300001C1F /* Release */ = {
			isa = XCBuildConfiguration;
			buildSettings = {
				CODE_SIGN_STYLE = Automatic;
				DEVELOPMENT_TEAM = MG9YMW6U69;
				ENABLE_HARDENED_RUNTIME = YES;
				PRODUCT_NAME = "$(TARGET_NAME)";
				SWIFT_VERSION = 5.0;
			};
			name = Release;
		};
/* End XCBuildConfiguration section */

/* Begin XCConfigurationList section */
		B0436CC42628F24300001C1F /* Build configuration list for PBXProject "ShortestPath" */ = {
			isa = XCConfigurationList;
			buildConfigurations = (
				B0436CCE2628F24300001C1F /* Debug */,
				B0436CCF2628F24300001C1F /* Release */,
			);
			defaultConfigurationIsVisible = 0;
			defaultConfigurationName = Release;
		};
		B0436CD02628F24300001C1F /* Build configuration list for PBXNativeTarget "ShortestPath" */ = {
			isa = XCConfigurationList;
			buildConfigurations = (
				B0436CD12628F24300001C1F /* Debug */,
				B0436CD22628F24300001C1F /* Release */,
			);
			defaultConfigurationIsVisible = 0;
			defaultConfigurationName = Release;
		};
/* End XCConfigurationList section */
	};
	rootObject = B0436CC12628F24300001C1F /* Project object */;
}
